
Microsoft Visual Studio Solution File, Format Version 12.00
Project("{FAE04EC0-301F-11D3-BF4B-00C04F79EFBC}") = "EpicLootAPI", "EpicLootAPI\EpicLootAPI.csproj", "{4358610B-F3F4-4843-B7AF-98B7BC60DCDE}"
EndProject
Global
	GlobalSection(SolutionConfigurationPlatforms) = preSolution
		Debug|Any CPU = Debug|Any CPU
		Release|Any CPU = Release|Any CPU
	EndGlobalSection
	GlobalSection(ProjectConfigurationPlatforms) = postSolution
		{4358610B-F3F4-4843-B7AF-98B7BC60DCDE}.Debug|Any CPU.ActiveCfg = Debug|Any CPU
		{4358610B-F3F4-4843-B7AF-98B7BC60DCDE}.Debug|Any CPU.Build.0 = Debug|Any CPU
		{4358610B-F3F4-4843-B7AF-98B7BC60DCDE}.Release|Any CPU.ActiveCfg = Release|Any CPU
		{4358610B-F3F4-4843-B7AF-98B7BC60DCDE}.Release|Any CPU.Build.0 = Release|Any CPU
	EndGlobalSection
EndGlobal
