
Microsoft Visual Studio Solution File, Format Version 12.00
# Visual Studio 15
VisualStudioVersion = 15.0.28307.1340
MinimumVisualStudioVersion = 10.0.40219.1
Project("{FAE04EC0-301F-11D3-BF4B-00C04F79EFBC}") = "MinimalStatusEffects", "MinimalStatusEffects\MinimalStatusEffects.csproj", "{70B6ED26-2AFE-4E7A-A40F-CF187F14FCA0}"
EndProject
Project("{FAE04EC0-301F-11D3-BF4B-00C04F79EFBC}") = "ImprovedBuildHud", "ImprovedBuildHud\ImprovedBuildHud.csproj", "{5681A194-79CD-45FC-B47B-F5F27E96FC6D}"
EndProject
Project("{FAE04EC0-301F-11D3-BF4B-00C04F79EFBC}") = "ImprovedDvergerCirclet", "DvergerColor\ImprovedDvergerCirclet.csproj", "{CBED8160-747F-4022-98CE-61A8EE201652}"
EndProject
Project("{D954291E-2A0B-460D-934E-DC6B0785DB48}") = "Common", "Common\Common.shproj", "{09BCFE16-0D69-481C-98C6-1090D78E3127}"
EndProject
Project("{FAE04EC0-301F-11D3-BF4B-00C04F79EFBC}") = "EquipmentAndQuickSlots", "EquipmentAndQuickSlots\EquipmentAndQuickSlots.csproj", "{08ED5BC9-9E0C-4343-90A5-92497BE6E216}"
EndProject
Project("{FAE04EC0-301F-11D3-BF4B-00C04F79EFBC}") = "Jam", "Jam\Jam.csproj", "{6C679B7E-9F39-4DF2-9F8A-717E68FBF0E3}"
EndProject
Project("{FAE04EC0-301F-11D3-BF4B-00C04F79EFBC}") = "ItsJustWood", "ItsJustWood\ItsJustWood.csproj", "{BB4DFA8B-72B0-4A9B-B9A0-5AF5595AA309}"
EndProject
Project("{FAE04EC0-301F-11D3-BF4B-00C04F79EFBC}") = "EpicLoot", "EpicLoot\EpicLoot.csproj", "{963CF4F8-BA02-49FC-8884-97E781E6BC18}"
EndProject
Project("{FAE04EC0-301F-11D3-BF4B-00C04F79EFBC}") = "ExtendedItemDataFramework", "ExtendedItemDataFramework\ExtendedItemDataFramework.csproj", "{2F61A8AB-BF4D-4E0C-9B90-4B2BA74438C5}"
EndProject
Project("{FAE04EC0-301F-11D3-BF4B-00C04F79EFBC}") = "EpicLoot-Addon-MCE", "EpicLoot-Addon-MCE\EpicLoot-Addon-MCE.csproj", "{8B9A7665-F688-4E13-B62A-F62DB7E065C4}"
EndProject
Project("{FAE04EC0-301F-11D3-BF4B-00C04F79EFBC}") = "ConsoleHelper", "ConsoleHelper\ConsoleHelper.csproj", "{815F37D9-CEEA-4CDA-ABFB-C62FEA26B5F1}"
EndProject
Global
	GlobalSection(SharedMSBuildProjectFiles) = preSolution
		Common\Common.projitems*{08ed5bc9-9e0c-4343-90a5-92497be6e216}*SharedItemsImports = 4
		Common\Common.projitems*{09bcfe16-0d69-481c-98c6-1090d78e3127}*SharedItemsImports = 13
		Common\Common.projitems*{6c679b7e-9f39-4df2-9f8a-717e68fbf0e3}*SharedItemsImports = 4
		Common\Common.projitems*{70b6ed26-2afe-4e7a-a40f-cf187f14fca0}*SharedItemsImports = 4
		Common\Common.projitems*{963cf4f8-ba02-49fc-8884-97e781e6bc18}*SharedItemsImports = 4
		Common\Common.projitems*{bb4dfa8b-72b0-4a9b-b9a0-5af5595aa309}*SharedItemsImports = 4
		Common\Common.projitems*{cbed8160-747f-4022-98ce-61a8ee201652}*SharedItemsImports = 4
	EndGlobalSection
	GlobalSection(SolutionConfigurationPlatforms) = preSolution
		Debug|Any CPU = Debug|Any CPU
		Release|Any CPU = Release|Any CPU
	EndGlobalSection
	GlobalSection(ProjectConfigurationPlatforms) = postSolution
		{70B6ED26-2AFE-4E7A-A40F-CF187F14FCA0}.Debug|Any CPU.ActiveCfg = Debug|Any CPU
		{70B6ED26-2AFE-4E7A-A40F-CF187F14FCA0}.Debug|Any CPU.Build.0 = Debug|Any CPU
		{70B6ED26-2AFE-4E7A-A40F-CF187F14FCA0}.Release|Any CPU.ActiveCfg = Release|Any CPU
		{70B6ED26-2AFE-4E7A-A40F-CF187F14FCA0}.Release|Any CPU.Build.0 = Release|Any CPU
		{5681A194-79CD-45FC-B47B-F5F27E96FC6D}.Debug|Any CPU.ActiveCfg = Debug|Any CPU
		{5681A194-79CD-45FC-B47B-F5F27E96FC6D}.Debug|Any CPU.Build.0 = Debug|Any CPU
		{5681A194-79CD-45FC-B47B-F5F27E96FC6D}.Release|Any CPU.ActiveCfg = Release|Any CPU
		{5681A194-79CD-45FC-B47B-F5F27E96FC6D}.Release|Any CPU.Build.0 = Release|Any CPU
		{CBED8160-747F-4022-98CE-61A8EE201652}.Debug|Any CPU.ActiveCfg = Debug|Any CPU
		{CBED8160-747F-4022-98CE-61A8EE201652}.Debug|Any CPU.Build.0 = Debug|Any CPU
		{CBED8160-747F-4022-98CE-61A8EE201652}.Release|Any CPU.ActiveCfg = Release|Any CPU
		{CBED8160-747F-4022-98CE-61A8EE201652}.Release|Any CPU.Build.0 = Release|Any CPU
		{08ED5BC9-9E0C-4343-90A5-92497BE6E216}.Debug|Any CPU.ActiveCfg = Debug|Any CPU
		{08ED5BC9-9E0C-4343-90A5-92497BE6E216}.Debug|Any CPU.Build.0 = Debug|Any CPU
		{08ED5BC9-9E0C-4343-90A5-92497BE6E216}.Release|Any CPU.ActiveCfg = Release|Any CPU
		{08ED5BC9-9E0C-4343-90A5-92497BE6E216}.Release|Any CPU.Build.0 = Release|Any CPU
		{6C679B7E-9F39-4DF2-9F8A-717E68FBF0E3}.Debug|Any CPU.ActiveCfg = Debug|Any CPU
		{6C679B7E-9F39-4DF2-9F8A-717E68FBF0E3}.Debug|Any CPU.Build.0 = Debug|Any CPU
		{6C679B7E-9F39-4DF2-9F8A-717E68FBF0E3}.Release|Any CPU.ActiveCfg = Release|Any CPU
		{6C679B7E-9F39-4DF2-9F8A-717E68FBF0E3}.Release|Any CPU.Build.0 = Release|Any CPU
		{BB4DFA8B-72B0-4A9B-B9A0-5AF5595AA309}.Debug|Any CPU.ActiveCfg = Debug|Any CPU
		{BB4DFA8B-72B0-4A9B-B9A0-5AF5595AA309}.Debug|Any CPU.Build.0 = Debug|Any CPU
		{BB4DFA8B-72B0-4A9B-B9A0-5AF5595AA309}.Release|Any CPU.ActiveCfg = Release|Any CPU
		{BB4DFA8B-72B0-4A9B-B9A0-5AF5595AA309}.Release|Any CPU.Build.0 = Release|Any CPU
		{963CF4F8-BA02-49FC-8884-97E781E6BC18}.Debug|Any CPU.ActiveCfg = Debug|Any CPU
		{963CF4F8-BA02-49FC-8884-97E781E6BC18}.Debug|Any CPU.Build.0 = Debug|Any CPU
		{963CF4F8-BA02-49FC-8884-97E781E6BC18}.Release|Any CPU.ActiveCfg = Release|Any CPU
		{963CF4F8-BA02-49FC-8884-97E781E6BC18}.Release|Any CPU.Build.0 = Release|Any CPU
		{2F61A8AB-BF4D-4E0C-9B90-4B2BA74438C5}.Debug|Any CPU.ActiveCfg = Debug|Any CPU
		{2F61A8AB-BF4D-4E0C-9B90-4B2BA74438C5}.Debug|Any CPU.Build.0 = Debug|Any CPU
		{2F61A8AB-BF4D-4E0C-9B90-4B2BA74438C5}.Release|Any CPU.ActiveCfg = Release|Any CPU
		{2F61A8AB-BF4D-4E0C-9B90-4B2BA74438C5}.Release|Any CPU.Build.0 = Release|Any CPU
		{8B9A7665-F688-4E13-B62A-F62DB7E065C4}.Debug|Any CPU.ActiveCfg = Debug|Any CPU
		{8B9A7665-F688-4E13-B62A-F62DB7E065C4}.Debug|Any CPU.Build.0 = Debug|Any CPU
		{8B9A7665-F688-4E13-B62A-F62DB7E065C4}.Release|Any CPU.ActiveCfg = Release|Any CPU
		{8B9A7665-F688-4E13-B62A-F62DB7E065C4}.Release|Any CPU.Build.0 = Release|Any CPU
		{815F37D9-CEEA-4CDA-ABFB-C62FEA26B5F1}.Debug|Any CPU.ActiveCfg = Debug|Any CPU
		{815F37D9-CEEA-4CDA-ABFB-C62FEA26B5F1}.Debug|Any CPU.Build.0 = Debug|Any CPU
		{815F37D9-CEEA-4CDA-ABFB-C62FEA26B5F1}.Release|Any CPU.ActiveCfg = Release|Any CPU
		{815F37D9-CEEA-4CDA-ABFB-C62FEA26B5F1}.Release|Any CPU.Build.0 = Release|Any CPU
	EndGlobalSection
	GlobalSection(SolutionProperties) = preSolution
		HideSolutionNode = FALSE
	EndGlobalSection
	GlobalSection(ExtensibilityGlobals) = postSolution
		SolutionGuid = {20C82B5D-9BD3-4E26-B4F4-CBA6E8F3B3D1}
	EndGlobalSection
EndGlobal
