
Microsoft Visual Studio Solution File, Format Version 11.00
# Visual Studio 2010
Project("{FAE04EC0-301F-11D3-BF4B-00C04F79EFBC}") = "Unity.ProBuilder", "Unity.ProBuilder.csproj", "{95d714b4-caf2-a3fe-74e0-6deb50194d8e}"
EndProject
Project("{FAE04EC0-301F-11D3-BF4B-00C04F79EFBC}") = "Unity.ProBuilder.Poly2Tri", "Unity.ProBuilder.Poly2Tri.csproj", "{7432afa8-0599-f236-4d75-1f4db6efd5da}"
EndProject
Project("{FAE04EC0-301F-11D3-BF4B-00C04F79EFBC}") = "Unity.ProBuilder.KdTree", "Unity.ProBuilder.KdTree.csproj", "{b5fc3da6-799d-2f61-d819-5bb374698a53}"
EndProject
Project("{FAE04EC0-301F-11D3-BF4B-00C04F79EFBC}") = "Unity.ProBuilder.Csg", "Unity.ProBuilder.Csg.csproj", "{144c8bd6-48c8-0ee5-df99-0a5eeb6edfce}"
EndProject
Project("{FAE04EC0-301F-11D3-BF4B-00C04F79EFBC}") = "Unity.ProBuilder.Stl", "Unity.ProBuilder.Stl.csproj", "{18b6cefb-7e78-759b-d5da-76f005d158f9}"
EndProject
Project("{FAE04EC0-301F-11D3-BF4B-00C04F79EFBC}") = "Assembly-CSharp", "Assembly-CSharp.csproj", "{63ce364f-64fc-5135-8cb6-37895b314ea8}"
EndProject
Project("{FAE04EC0-301F-11D3-BF4B-00C04F79EFBC}") = "Unity.ProBuilder.Editor", "Unity.ProBuilder.Editor.csproj", "{ab52065c-7591-eef4-e1eb-a2ad3c3af493}"
EndProject
Project("{FAE04EC0-301F-11D3-BF4B-00C04F79EFBC}") = "Unity.ProBuilder.AssetIdRemapUtility", "Unity.ProBuilder.AssetIdRemapUtility.csproj", "{1580b4e1-2480-346f-e415-235560b08af0}"
EndProject
Project("{FAE04EC0-301F-11D3-BF4B-00C04F79EFBC}") = "Assembly-CSharp-Editor", "Assembly-CSharp-Editor.csproj", "{5bf52629-12b0-5bcf-2887-4c4ca6d47cbe}"
EndProject
Project("{FAE04EC0-301F-11D3-BF4B-00C04F79EFBC}") = "Unity.ProBuilder.AddOns.Editor", "Unity.ProBuilder.AddOns.Editor.csproj", "{5477196a-b1c5-698c-4dac-0637497e238a}"
EndProject
Global
	GlobalSection(SolutionConfigurationPlatforms) = preSolution
		Debug|Any CPU = Debug|Any CPU
	EndGlobalSection
	GlobalSection(ProjectConfigurationPlatforms) = postSolution
		{95d714b4-caf2-a3fe-74e0-6deb50194d8e}.Debug|Any CPU.ActiveCfg = Debug|Any CPU
		{95d714b4-caf2-a3fe-74e0-6deb50194d8e}.Debug|Any CPU.Build.0 = Debug|Any CPU
		{7432afa8-0599-f236-4d75-1f4db6efd5da}.Debug|Any CPU.ActiveCfg = Debug|Any CPU
		{7432afa8-0599-f236-4d75-1f4db6efd5da}.Debug|Any CPU.Build.0 = Debug|Any CPU
		{b5fc3da6-799d-2f61-d819-5bb374698a53}.Debug|Any CPU.ActiveCfg = Debug|Any CPU
		{b5fc3da6-799d-2f61-d819-5bb374698a53}.Debug|Any CPU.Build.0 = Debug|Any CPU
		{144c8bd6-48c8-0ee5-df99-0a5eeb6edfce}.Debug|Any CPU.ActiveCfg = Debug|Any CPU
		{144c8bd6-48c8-0ee5-df99-0a5eeb6edfce}.Debug|Any CPU.Build.0 = Debug|Any CPU
		{18b6cefb-7e78-759b-d5da-76f005d158f9}.Debug|Any CPU.ActiveCfg = Debug|Any CPU
		{18b6cefb-7e78-759b-d5da-76f005d158f9}.Debug|Any CPU.Build.0 = Debug|Any CPU
		{63ce364f-64fc-5135-8cb6-37895b314ea8}.Debug|Any CPU.ActiveCfg = Debug|Any CPU
		{63ce364f-64fc-5135-8cb6-37895b314ea8}.Debug|Any CPU.Build.0 = Debug|Any CPU
		{ab52065c-7591-eef4-e1eb-a2ad3c3af493}.Debug|Any CPU.ActiveCfg = Debug|Any CPU
		{ab52065c-7591-eef4-e1eb-a2ad3c3af493}.Debug|Any CPU.Build.0 = Debug|Any CPU
		{1580b4e1-2480-346f-e415-235560b08af0}.Debug|Any CPU.ActiveCfg = Debug|Any CPU
		{1580b4e1-2480-346f-e415-235560b08af0}.Debug|Any CPU.Build.0 = Debug|Any CPU
		{5bf52629-12b0-5bcf-2887-4c4ca6d47cbe}.Debug|Any CPU.ActiveCfg = Debug|Any CPU
		{5bf52629-12b0-5bcf-2887-4c4ca6d47cbe}.Debug|Any CPU.Build.0 = Debug|Any CPU
		{5477196a-b1c5-698c-4dac-0637497e238a}.Debug|Any CPU.ActiveCfg = Debug|Any CPU
		{5477196a-b1c5-698c-4dac-0637497e238a}.Debug|Any CPU.Build.0 = Debug|Any CPU
	EndGlobalSection
	GlobalSection(SolutionProperties) = preSolution
		HideSolutionNode = FALSE
	EndGlobalSection
EndGlobal
