
Microsoft Visual Studio Solution File, Format Version 12.00
# Visual Studio 15
Project("{FAE04EC0-301F-11D3-BF4B-00C04F79EFBC}") = "Assembly-CSharp", "Assembly-CSharp.csproj", "{4F36CE63-FC64-3551-8CB6-37895B314EA8}"
EndProject
Project("{FAE04EC0-301F-11D3-BF4B-00C04F79EFBC}") = "Assembly-CSharp-Editor", "Assembly-CSharp-Editor.csproj", "{2926F55B-B012-CF5B-2887-4C4CA6D47CBE}"
EndProject
Global
	GlobalSection(SolutionConfigurationPlatforms) = preSolution
		Debug|Any CPU = Debug|Any CPU
		Release|Any CPU = Release|Any CPU
	EndGlobalSection
	GlobalSection(ProjectConfigurationPlatforms) = postSolution
		{4F36CE63-FC64-3551-8CB6-37895B314EA8}.Debug|Any CPU.ActiveCfg = Debug|Any CPU
		{4F36CE63-FC64-3551-8CB6-37895B314EA8}.Debug|Any CPU.Build.0 = Debug|Any CPU
		{4F36CE63-FC64-3551-8CB6-37895B314EA8}.Release|Any CPU.ActiveCfg = Release|Any CPU
		{4F36CE63-FC64-3551-8CB6-37895B314EA8}.Release|Any CPU.Build.0 = Release|Any CPU
		{2926F55B-B012-CF5B-2887-4C4CA6D47CBE}.Debug|Any CPU.ActiveCfg = Debug|Any CPU
		{2926F55B-B012-CF5B-2887-4C4CA6D47CBE}.Debug|Any CPU.Build.0 = Debug|Any CPU
		{2926F55B-B012-CF5B-2887-4C4CA6D47CBE}.Release|Any CPU.ActiveCfg = Release|Any CPU
		{2926F55B-B012-CF5B-2887-4C4CA6D47CBE}.Release|Any CPU.Build.0 = Release|Any CPU
	EndGlobalSection
	GlobalSection(SolutionProperties) = preSolution
		HideSolutionNode = FALSE
	EndGlobalSection
EndGlobal
