
Microsoft Visual Studio Solution File, Format Version 11.00
# Visual Studio 2010
Project("{FAE04EC0-301F-11D3-BF4B-00C04F79EFBC}") = "Unity.ProBuilder.KdTree", "Unity.ProBuilder.KdTree.csproj", "{A63DFCB5-9D79-612F-D819-5BB374698A53}"
EndProject
Project("{FAE04EC0-301F-11D3-BF4B-00C04F79EFBC}") = "Unity.ProBuilder", "Unity.ProBuilder.csproj", "{B414D795-F2CA-FEA3-74E0-6DEB50194D8E}"
EndProject
Project("{FAE04EC0-301F-11D3-BF4B-00C04F79EFBC}") = "Unity.ProBuilder.Poly2Tri", "Unity.ProBuilder.Poly2Tri.csproj", "{A8AF3274-9905-36F2-4D75-1F4DB6EFD5DA}"
EndProject
Project("{FAE04EC0-301F-11D3-BF4B-00C04F79EFBC}") = "Assembly-CSharp", "Assembly-CSharp.csproj", "{4F36CE63-FC64-3551-8CB6-37895B314EA8}"
EndProject
Project("{FAE04EC0-301F-11D3-BF4B-00C04F79EFBC}") = "Unity.ProBuilder.Csg", "Unity.ProBuilder.Csg.csproj", "{D68B4C14-C848-E50E-DF99-0A5EEB6EDFCE}"
EndProject
Project("{FAE04EC0-301F-11D3-BF4B-00C04F79EFBC}") = "Unity.ProBuilder.Stl", "Unity.ProBuilder.Stl.csproj", "{FBCEB618-787E-9B75-D5DA-76F005D158F9}"
EndProject
Project("{FAE04EC0-301F-11D3-BF4B-00C04F79EFBC}") = "Unity.ProBuilder.Editor", "Unity.ProBuilder.Editor.csproj", "{5C0652AB-9175-F4EE-E1EB-A2AD3C3AF493}"
EndProject
Project("{FAE04EC0-301F-11D3-BF4B-00C04F79EFBC}") = "Unity.ProBuilder.AssetIdRemapUtility", "Unity.ProBuilder.AssetIdRemapUtility.csproj", "{E1B48015-8024-6F34-E415-235560B08AF0}"
EndProject
Project("{FAE04EC0-301F-11D3-BF4B-00C04F79EFBC}") = "Assembly-CSharp-Editor", "Assembly-CSharp-Editor.csproj", "{2926F55B-B012-CF5B-2887-4C4CA6D47CBE}"
EndProject
Project("{FAE04EC0-301F-11D3-BF4B-00C04F79EFBC}") = "Unity.ProBuilder.AddOns.Editor", "Unity.ProBuilder.AddOns.Editor.csproj", "{6A197754-C5B1-8C69-4DAC-0637497E238A}"
EndProject
Global
	GlobalSection(SolutionConfigurationPlatforms) = preSolution
		Debug|Any CPU = Debug|Any CPU
		Release|Any CPU = Release|Any CPU
	EndGlobalSection
	GlobalSection(ProjectConfigurationPlatforms) = postSolution
		{A63DFCB5-9D79-612F-D819-5BB374698A53}.Debug|Any CPU.ActiveCfg = Debug|Any CPU
		{A63DFCB5-9D79-612F-D819-5BB374698A53}.Debug|Any CPU.Build.0 = Debug|Any CPU
		{A63DFCB5-9D79-612F-D819-5BB374698A53}.Release|Any CPU.ActiveCfg = Release|Any CPU
		{A63DFCB5-9D79-612F-D819-5BB374698A53}.Release|Any CPU.Build.0 = Release|Any CPU
		{B414D795-F2CA-FEA3-74E0-6DEB50194D8E}.Debug|Any CPU.ActiveCfg = Debug|Any CPU
		{B414D795-F2CA-FEA3-74E0-6DEB50194D8E}.Debug|Any CPU.Build.0 = Debug|Any CPU
		{B414D795-F2CA-FEA3-74E0-6DEB50194D8E}.Release|Any CPU.ActiveCfg = Release|Any CPU
		{B414D795-F2CA-FEA3-74E0-6DEB50194D8E}.Release|Any CPU.Build.0 = Release|Any CPU
		{A8AF3274-9905-36F2-4D75-1F4DB6EFD5DA}.Debug|Any CPU.ActiveCfg = Debug|Any CPU
		{A8AF3274-9905-36F2-4D75-1F4DB6EFD5DA}.Debug|Any CPU.Build.0 = Debug|Any CPU
		{A8AF3274-9905-36F2-4D75-1F4DB6EFD5DA}.Release|Any CPU.ActiveCfg = Release|Any CPU
		{A8AF3274-9905-36F2-4D75-1F4DB6EFD5DA}.Release|Any CPU.Build.0 = Release|Any CPU
		{4F36CE63-FC64-3551-8CB6-37895B314EA8}.Debug|Any CPU.ActiveCfg = Debug|Any CPU
		{4F36CE63-FC64-3551-8CB6-37895B314EA8}.Debug|Any CPU.Build.0 = Debug|Any CPU
		{4F36CE63-FC64-3551-8CB6-37895B314EA8}.Release|Any CPU.ActiveCfg = Release|Any CPU
		{4F36CE63-FC64-3551-8CB6-37895B314EA8}.Release|Any CPU.Build.0 = Release|Any CPU
		{D68B4C14-C848-E50E-DF99-0A5EEB6EDFCE}.Debug|Any CPU.ActiveCfg = Debug|Any CPU
		{D68B4C14-C848-E50E-DF99-0A5EEB6EDFCE}.Debug|Any CPU.Build.0 = Debug|Any CPU
		{D68B4C14-C848-E50E-DF99-0A5EEB6EDFCE}.Release|Any CPU.ActiveCfg = Release|Any CPU
		{D68B4C14-C848-E50E-DF99-0A5EEB6EDFCE}.Release|Any CPU.Build.0 = Release|Any CPU
		{FBCEB618-787E-9B75-D5DA-76F005D158F9}.Debug|Any CPU.ActiveCfg = Debug|Any CPU
		{FBCEB618-787E-9B75-D5DA-76F005D158F9}.Debug|Any CPU.Build.0 = Debug|Any CPU
		{FBCEB618-787E-9B75-D5DA-76F005D158F9}.Release|Any CPU.ActiveCfg = Release|Any CPU
		{FBCEB618-787E-9B75-D5DA-76F005D158F9}.Release|Any CPU.Build.0 = Release|Any CPU
		{5C0652AB-9175-F4EE-E1EB-A2AD3C3AF493}.Debug|Any CPU.ActiveCfg = Debug|Any CPU
		{5C0652AB-9175-F4EE-E1EB-A2AD3C3AF493}.Debug|Any CPU.Build.0 = Debug|Any CPU
		{5C0652AB-9175-F4EE-E1EB-A2AD3C3AF493}.Release|Any CPU.ActiveCfg = Release|Any CPU
		{5C0652AB-9175-F4EE-E1EB-A2AD3C3AF493}.Release|Any CPU.Build.0 = Release|Any CPU
		{E1B48015-8024-6F34-E415-235560B08AF0}.Debug|Any CPU.ActiveCfg = Debug|Any CPU
		{E1B48015-8024-6F34-E415-235560B08AF0}.Debug|Any CPU.Build.0 = Debug|Any CPU
		{E1B48015-8024-6F34-E415-235560B08AF0}.Release|Any CPU.ActiveCfg = Release|Any CPU
		{E1B48015-8024-6F34-E415-235560B08AF0}.Release|Any CPU.Build.0 = Release|Any CPU
		{2926F55B-B012-CF5B-2887-4C4CA6D47CBE}.Debug|Any CPU.ActiveCfg = Debug|Any CPU
		{2926F55B-B012-CF5B-2887-4C4CA6D47CBE}.Debug|Any CPU.Build.0 = Debug|Any CPU
		{2926F55B-B012-CF5B-2887-4C4CA6D47CBE}.Release|Any CPU.ActiveCfg = Release|Any CPU
		{2926F55B-B012-CF5B-2887-4C4CA6D47CBE}.Release|Any CPU.Build.0 = Release|Any CPU
		{6A197754-C5B1-8C69-4DAC-0637497E238A}.Debug|Any CPU.ActiveCfg = Debug|Any CPU
		{6A197754-C5B1-8C69-4DAC-0637497E238A}.Debug|Any CPU.Build.0 = Debug|Any CPU
		{6A197754-C5B1-8C69-4DAC-0637497E238A}.Release|Any CPU.ActiveCfg = Release|Any CPU
		{6A197754-C5B1-8C69-4DAC-0637497E238A}.Release|Any CPU.Build.0 = Release|Any CPU
	EndGlobalSection
	GlobalSection(SolutionProperties) = preSolution
		HideSolutionNode = FALSE
	EndGlobalSection
EndGlobal
